
Microsoft Visual Studio Solution File, Format Version 12.00
# Visual Studio 15
VisualStudioVersion = 15.0.27428.2015
MinimumVisualStudioVersion = 10.0.40219.1
Project("{FAE04EC0-301F-11D3-BF4B-00C04F79EFBC}") = "DependencyInjectionTutorial", "DependencyInjectionTutorial\DependencyInjectionTutorial.csproj", "{1E583249-A781-403B-975A-A379671558FE}"
EndProject
Global
	GlobalSection(SolutionConfigurationPlatforms) = preSolution
		Debug|Any CPU = Debug|Any CPU
		Release|Any CPU = Release|Any CPU
	EndGlobalSection
	GlobalSection(ProjectConfigurationPlatforms) = postSolution
		{1E583249-A781-403B-975A-A379671558FE}.Debug|Any CPU.ActiveCfg = Debug|Any CPU
		{1E583249-A781-403B-975A-A379671558FE}.Debug|Any CPU.Build.0 = Debug|Any CPU
		{1E583249-A781-403B-975A-A379671558FE}.Release|Any CPU.ActiveCfg = Release|Any CPU
		{1E583249-A781-403B-975A-A379671558FE}.Release|Any CPU.Build.0 = Release|Any CPU
	EndGlobalSection
	GlobalSection(SolutionProperties) = preSolution
		HideSolutionNode = FALSE
	EndGlobalSection
	GlobalSection(ExtensibilityGlobals) = postSolution
		SolutionGuid = {501352AD-24BF-4393-80A2-A54F28016B0B}
	EndGlobalSection
EndGlobal
